
Microsoft Visual Studio Solution File, Format Version 12.00
# Visual Studio 15
VisualStudioVersion = 15.0.28010.2019
MinimumVisualStudioVersion = 10.0.40219.1
Project("{FAE04EC0-301F-11D3-BF4B-00C04F79EFBC}") = "KantanNetworking", "KantanSocket\KantanNetworking.csproj", "{DE5541FE-4CA8-4683-8C45-7B373DCFC153}"
EndProject
Project("{FAE04EC0-301F-11D3-BF4B-00C04F79EFBC}") = "Client", "Client\Client.csproj", "{8C6A447F-0691-4D24-94DB-0E38D55957FF}"
EndProject
Project("{FAE04EC0-301F-11D3-BF4B-00C04F79EFBC}") = "Server", "Server\Server.csproj", "{C9C0BB15-ECE4-4B35-8CBD-2AC8AA506097}"
EndProject
Global
	GlobalSection(SolutionConfigurationPlatforms) = preSolution
		Debug|Any CPU = Debug|Any CPU
		Release|Any CPU = Release|Any CPU
	EndGlobalSection
	GlobalSection(ProjectConfigurationPlatforms) = postSolution
		{DE5541FE-4CA8-4683-8C45-7B373DCFC153}.Debug|Any CPU.ActiveCfg = Debug|Any CPU
		{DE5541FE-4CA8-4683-8C45-7B373DCFC153}.Debug|Any CPU.Build.0 = Debug|Any CPU
		{DE5541FE-4CA8-4683-8C45-7B373DCFC153}.Release|Any CPU.ActiveCfg = Release|Any CPU
		{DE5541FE-4CA8-4683-8C45-7B373DCFC153}.Release|Any CPU.Build.0 = Release|Any CPU
		{8C6A447F-0691-4D24-94DB-0E38D55957FF}.Debug|Any CPU.ActiveCfg = Debug|Any CPU
		{8C6A447F-0691-4D24-94DB-0E38D55957FF}.Debug|Any CPU.Build.0 = Debug|Any CPU
		{8C6A447F-0691-4D24-94DB-0E38D55957FF}.Release|Any CPU.ActiveCfg = Release|Any CPU
		{8C6A447F-0691-4D24-94DB-0E38D55957FF}.Release|Any CPU.Build.0 = Release|Any CPU
		{C9C0BB15-ECE4-4B35-8CBD-2AC8AA506097}.Debug|Any CPU.ActiveCfg = Debug|Any CPU
		{C9C0BB15-ECE4-4B35-8CBD-2AC8AA506097}.Debug|Any CPU.Build.0 = Debug|Any CPU
		{C9C0BB15-ECE4-4B35-8CBD-2AC8AA506097}.Release|Any CPU.ActiveCfg = Release|Any CPU
		{C9C0BB15-ECE4-4B35-8CBD-2AC8AA506097}.Release|Any CPU.Build.0 = Release|Any CPU
	EndGlobalSection
	GlobalSection(SolutionProperties) = preSolution
		HideSolutionNode = FALSE
	EndGlobalSection
	GlobalSection(ExtensibilityGlobals) = postSolution
		SolutionGuid = {2C6F96B9-281D-45E3-9E0E-37ACC14A5253}
	EndGlobalSection
EndGlobal
